
Microsoft Visual Studio Solution File, Format Version 12.00
# Visual Studio Version 17
VisualStudioVersion = 17.4.33205.214
MinimumVisualStudioVersion = 10.0.40219.1
Project("{2150E333-8FDC-42A3-9474-1A3956D46DE8}") = "src", "src", "{6A0B61DE-B6F9-4E49-BC25-A4A9D477CDD4}"
EndProject
Project("{2150E333-8FDC-42A3-9474-1A3956D46DE8}") = "tests", "tests", "{DD3F2A21-DC34-4C9C-8573-AF9BBD8F5036}"
EndProject
Project("{9A19103F-16F7-4668-BE54-9A1E7A4F7556}") = "VirtoCommerce.CartModule.Core", "src\VirtoCommerce.CartModule.Core\VirtoCommerce.CartModule.Core.csproj", "{F1D3938F-CD0E-4975-B802-80FA53E65731}"
EndProject
Project("{9A19103F-16F7-4668-BE54-9A1E7A4F7556}") = "VirtoCommerce.CartModule.Data", "src\VirtoCommerce.CartModule.Data\VirtoCommerce.CartModule.Data.csproj", "{24EACA13-B060-4ADC-9E5F-F4A05F7276CB}"
EndProject
Project("{9A19103F-16F7-4668-BE54-9A1E7A4F7556}") = "VirtoCommerce.CartModule.Web", "src\VirtoCommerce.CartModule.Web\VirtoCommerce.CartModule.Web.csproj", "{B4743876-BD7F-4A5D-81C9-535C00EFD0F7}"
EndProject
Project("{9A19103F-16F7-4668-BE54-9A1E7A4F7556}") = "VirtoCommerce.CartModule.Tests", "tests\VirtoCommerce.CartModule.Tests\VirtoCommerce.CartModule.Tests.csproj", "{A10F308E-5C8F-4B6F-89A3-E1341D021D5F}"
EndProject
Global
	GlobalSection(SolutionConfigurationPlatforms) = preSolution
		Debug|Any CPU = Debug|Any CPU
		Release|Any CPU = Release|Any CPU
	EndGlobalSection
	GlobalSection(ProjectConfigurationPlatforms) = postSolution
		{F1D3938F-CD0E-4975-B802-80FA53E65731}.Debug|Any CPU.ActiveCfg = Debug|Any CPU
		{F1D3938F-CD0E-4975-B802-80FA53E65731}.Debug|Any CPU.Build.0 = Debug|Any CPU
		{F1D3938F-CD0E-4975-B802-80FA53E65731}.Release|Any CPU.ActiveCfg = Release|Any CPU
		{F1D3938F-CD0E-4975-B802-80FA53E65731}.Release|Any CPU.Build.0 = Release|Any CPU
		{24EACA13-B060-4ADC-9E5F-F4A05F7276CB}.Debug|Any CPU.ActiveCfg = Debug|Any CPU
		{24EACA13-B060-4ADC-9E5F-F4A05F7276CB}.Debug|Any CPU.Build.0 = Debug|Any CPU
		{24EACA13-B060-4ADC-9E5F-F4A05F7276CB}.Release|Any CPU.ActiveCfg = Release|Any CPU
		{24EACA13-B060-4ADC-9E5F-F4A05F7276CB}.Release|Any CPU.Build.0 = Release|Any CPU
		{B4743876-BD7F-4A5D-81C9-535C00EFD0F7}.Debug|Any CPU.ActiveCfg = Debug|Any CPU
		{B4743876-BD7F-4A5D-81C9-535C00EFD0F7}.Debug|Any CPU.Build.0 = Debug|Any CPU
		{B4743876-BD7F-4A5D-81C9-535C00EFD0F7}.Release|Any CPU.ActiveCfg = Release|Any CPU
		{B4743876-BD7F-4A5D-81C9-535C00EFD0F7}.Release|Any CPU.Build.0 = Release|Any CPU
		{A10F308E-5C8F-4B6F-89A3-E1341D021D5F}.Debug|Any CPU.ActiveCfg = Debug|Any CPU
		{A10F308E-5C8F-4B6F-89A3-E1341D021D5F}.Debug|Any CPU.Build.0 = Debug|Any CPU
		{A10F308E-5C8F-4B6F-89A3-E1341D021D5F}.Release|Any CPU.ActiveCfg = Release|Any CPU
		{A10F308E-5C8F-4B6F-89A3-E1341D021D5F}.Release|Any CPU.Build.0 = Release|Any CPU
	EndGlobalSection
	GlobalSection(SolutionProperties) = preSolution
		HideSolutionNode = FALSE
	EndGlobalSection
	GlobalSection(NestedProjects) = preSolution
		{F1D3938F-CD0E-4975-B802-80FA53E65731} = {6A0B61DE-B6F9-4E49-BC25-A4A9D477CDD4}
		{24EACA13-B060-4ADC-9E5F-F4A05F7276CB} = {6A0B61DE-B6F9-4E49-BC25-A4A9D477CDD4}
		{B4743876-BD7F-4A5D-81C9-535C00EFD0F7} = {6A0B61DE-B6F9-4E49-BC25-A4A9D477CDD4}
		{A10F308E-5C8F-4B6F-89A3-E1341D021D5F} = {DD3F2A21-DC34-4C9C-8573-AF9BBD8F5036}
	EndGlobalSection
	GlobalSection(ExtensibilityGlobals) = postSolution
		SolutionGuid = {BD8084FB-B7AE-4EAA-87A7-78957BE86037}
	EndGlobalSection
EndGlobal
